
Microsoft Visual Studio Solution File, Format Version 12.00
# Visual Studio Version 16
VisualStudioVersion = 16.0.32106.194
MinimumVisualStudioVersion = 10.0.40219.1
Project("{FAE04EC0-301F-11D3-BF4B-00C04F79EFBC}") = "Password Validator", "Password Validator.csproj", "{5715B4C6-044D-4E77-9658-7E0B8245E67E}"
EndProject
Global
	GlobalSection(SolutionConfigurationPlatforms) = preSolution
		Debug|Any CPU = Debug|Any CPU
		Release|Any CPU = Release|Any CPU
	EndGlobalSection
	GlobalSection(ProjectConfigurationPlatforms) = postSolution
		{5715B4C6-044D-4E77-9658-7E0B8245E67E}.Debug|Any CPU.ActiveCfg = Debug|Any CPU
		{5715B4C6-044D-4E77-9658-7E0B8245E67E}.Debug|Any CPU.Build.0 = Debug|Any CPU
		{5715B4C6-044D-4E77-9658-7E0B8245E67E}.Release|Any CPU.ActiveCfg = Release|Any CPU
		{5715B4C6-044D-4E77-9658-7E0B8245E67E}.Release|Any CPU.Build.0 = Release|Any CPU
	EndGlobalSection
	GlobalSection(SolutionProperties) = preSolution
		HideSolutionNode = FALSE
	EndGlobalSection
	GlobalSection(ExtensibilityGlobals) = postSolution
		SolutionGuid = {329B3AE5-E4AE-4581-8510-9EA8495358FB}
	EndGlobalSection
EndGlobal
